// !$*UTF8*$!
{
	archiveVersion = 1;
	classes = {
	};
	objectVersion = 46;
	objects = {

/* Begin PBXBuildFile section */
		A685A0A115AF9ACB00276001 /* MessageViewController.m in Sources */ = {isa = PBXBuildFile; fileRef = A685A0A015AF9ACB00276001 /* MessageViewController.m */; };
		A69DE2DB15AD3AED004AA4DA /* enigma2.png in Resources */ = {isa = PBXBuildFile; fileRef = A69DE2DA15AD3AED004AA4DA /* enigma2.png */; };
		A69DE2DD15AD3FB3004AA4DA /* Default.png in Resources */ = {isa = PBXBuildFile; fileRef = A69DE2DC15AD3FB3004AA4DA /* Default.png */; };
		A69DE2E015AE5442004AA4DA /* LogInViewController.m in Sources */ = {isa = PBXBuildFile; fileRef = A69DE2DF15AE5441004AA4DA /* LogInViewController.m */; };
		A6E8269915A3B89400321804 /* UIKit.framework in Frameworks */ = {isa = PBXBuildFile; fileRef = A6E8269815A3B89400321804 /* UIKit.framework */; };
		A6E8269B15A3B89400321804 /* Foundation.framework in Frameworks */ = {isa = PBXBuildFile; fileRef = A6E8269A15A3B89400321804 /* Foundation.framework */; };
		A6E8269D15A3B89400321804 /* CoreGraphics.framework in Frameworks */ = {isa = PBXBuildFile; fileRef = A6E8269C15A3B89400321804 /* CoreGraphics.framework */; };
		A6E826A315A3B89400321804 /* InfoPlist.strings in Resources */ = {isa = PBXBuildFile; fileRef = A6E826A115A3B89400321804 /* InfoPlist.strings */; };
		A6E826A515A3B89400321804 /* main.m in Sources */ = {isa = PBXBuildFile; fileRef = A6E826A415A3B89400321804 /* main.m */; };
		A6E826A915A3B89400321804 /* AppDelegate.m in Sources */ = {isa = PBXBuildFile; fileRef = A6E826A815A3B89400321804 /* AppDelegate.m */; };
		A6E826AC15A3B89400321804 /* MainStoryboard.storyboard in Resources */ = {isa = PBXBuildFile; fileRef = A6E826AA15A3B89400321804 /* MainStoryboard.storyboard */; };
		A6E826AF15A3B89400321804 /* ViewController.m in Sources */ = {isa = PBXBuildFile; fileRef = A6E826AE15A3B89400321804 /* ViewController.m */; };
		A6E826B715A3B89400321804 /* SenTestingKit.framework in Frameworks */ = {isa = PBXBuildFile; fileRef = A6E826B615A3B89400321804 /* SenTestingKit.framework */; };
		A6E826B815A3B89400321804 /* UIKit.framework in Frameworks */ = {isa = PBXBuildFile; fileRef = A6E8269815A3B89400321804 /* UIKit.framework */; };
		A6E826B915A3B89400321804 /* Foundation.framework in Frameworks */ = {isa = PBXBuildFile; fileRef = A6E8269A15A3B89400321804 /* Foundation.framework */; };
		A6E826C115A3B89400321804 /* InfoPlist.strings in Resources */ = {isa = PBXBuildFile; fileRef = A6E826BF15A3B89400321804 /* InfoPlist.strings */; };
		A6E826C415A3B89400321804 /* enigmaMachineTests.m in Sources */ = {isa = PBXBuildFile; fileRef = A6E826C315A3B89400321804 /* enigmaMachineTests.m */; };
		A6E826D215A3EEF600321804 /* enigma.png in Resources */ = {isa = PBXBuildFile; fileRef = A6E826D115A3EEF600321804 /* enigma.png */; };
		A6E826D915ACE37B00321804 /* EnigmaViewController.m in Sources */ = {isa = PBXBuildFile; fileRef = A6E826D815ACE37A00321804 /* EnigmaViewController.m */; };
/* End PBXBuildFile section */

/* Begin PBXContainerItemProxy section */
		A6E826BA15A3B89400321804 /* PBXContainerItemProxy */ = {
			isa = PBXContainerItemProxy;
			containerPortal = A6E8268B15A3B89400321804 /* Project object */;
			proxyType = 1;
			remoteGlobalIDString = A6E8269315A3B89400321804;
			remoteInfo = enigmaMachine;
		};
/* End PBXContainerItemProxy section */

/* Begin PBXFileReference section */
		A685A09F15AF9ACB00276001 /* MessageViewController.h */ = {isa = PBXFileReference; fileEncoding = 4; lastKnownFileType = sourcecode.c.h; path = MessageViewController.h; sourceTree = "<group>"; };
		A685A0A015AF9ACB00276001 /* MessageViewController.m */ = {isa = PBXFileReference; fileEncoding = 4; lastKnownFileType = sourcecode.c.objc; path = MessageViewController.m; sourceTree = "<group>"; };
		A69DE2DA15AD3AED004AA4DA /* enigma2.png */ = {isa = PBXFileReference; lastKnownFileType = image.png; name = enigma2.png; path = enigmaMachine/enigma2.png; sourceTree = SOURCE_ROOT; };
		A69DE2DC15AD3FB3004AA4DA /* Default.png */ = {isa = PBXFileReference; lastKnownFileType = image.png; path = Default.png; sourceTree = "<group>"; };
		A69DE2DE15AE5441004AA4DA /* LogInViewController.h */ = {isa = PBXFileReference; fileEncoding = 4; lastKnownFileType = sourcecode.c.h; path = LogInViewController.h; sourceTree = "<group>"; };
		A69DE2DF15AE5441004AA4DA /* LogInViewController.m */ = {isa = PBXFileReference; fileEncoding = 4; lastKnownFileType = sourcecode.c.objc; path = LogInViewController.m; sourceTree = "<group>"; };
		A6E8269415A3B89400321804 /* enigmaMachine.app */ = {isa = PBXFileReference; explicitFileType = wrapper.application; includeInIndex = 0; path = enigmaMachine.app; sourceTree = BUILT_PRODUCTS_DIR; };
		A6E8269815A3B89400321804 /* UIKit.framework */ = {isa = PBXFileReference; lastKnownFileType = wrapper.framework; name = UIKit.framework; path = System/Library/Frameworks/UIKit.framework; sourceTree = SDKROOT; };
		A6E8269A15A3B89400321804 /* Foundation.framework */ = {isa = PBXFileReference; lastKnownFileType = wrapper.framework; name = Foundation.framework; path = System/Library/Frameworks/Foundation.framework; sourceTree = SDKROOT; };
		A6E8269C15A3B89400321804 /* CoreGraphics.framework */ = {isa = PBXFileReference; lastKnownFileType = wrapper.framework; name = CoreGraphics.framework; path = System/Library/Frameworks/CoreGraphics.framework; sourceTree = SDKROOT; };
		A6E826A015A3B89400321804 /* enigmaMachine-Info.plist */ = {isa = PBXFileReference; lastKnownFileType = text.plist.xml; path = "enigmaMachine-Info.plist"; sourceTree = "<group>"; };
		A6E826A215A3B89400321804 /* en */ = {isa = PBXFileReference; lastKnownFileType = text.plist.strings; name = en; path = en.lproj/InfoPlist.strings; sourceTree = "<group>"; };
		A6E826A415A3B89400321804 /* main.m */ = {isa = PBXFileReference; lastKnownFileType = sourcecode.c.objc; path = main.m; sourceTree = "<group>"; };
		A6E826A615A3B89400321804 /* enigmaMachine-Prefix.pch */ = {isa = PBXFileReference; lastKnownFileType = sourcecode.c.h; path = "enigmaMachine-Prefix.pch"; sourceTree = "<group>"; };
		A6E826A715A3B89400321804 /* AppDelegate.h */ = {isa = PBXFileReference; lastKnownFileType = sourcecode.c.h; path = AppDelegate.h; sourceTree = "<group>"; };
		A6E826A815A3B89400321804 /* AppDelegate.m */ = {isa = PBXFileReference; lastKnownFileType = sourcecode.c.objc; path = AppDelegate.m; sourceTree = "<group>"; };
		A6E826AB15A3B89400321804 /* en */ = {isa = PBXFileReference; lastKnownFileType = file.storyboard; name = en; path = en.lproj/MainStoryboard.storyboard; sourceTree = "<group>"; };
		A6E826AD15A3B89400321804 /* ViewController.h */ = {isa = PBXFileReference; lastKnownFileType = sourcecode.c.h; path = ViewController.h; sourceTree = "<group>"; };
		A6E826AE15A3B89400321804 /* ViewController.m */ = {isa = PBXFileReference; lastKnownFileType = sourcecode.c.objc; path = ViewController.m; sourceTree = "<group>"; };
		A6E826B515A3B89400321804 /* enigmaMachineTests.octest */ = {isa = PBXFileReference; explicitFileType = wrapper.cfbundle; includeInIndex = 0; path = enigmaMachineTests.octest; sourceTree = BUILT_PRODUCTS_DIR; };
		A6E826B615A3B89400321804 /* SenTestingKit.framework */ = {isa = PBXFileReference; lastKnownFileType = wrapper.framework; name = SenTestingKit.framework; path = Library/Frameworks/SenTestingKit.framework; sourceTree = DEVELOPER_DIR; };
		A6E826BE15A3B89400321804 /* enigmaMachineTests-Info.plist */ = {isa = PBXFileReference; lastKnownFileType = text.plist.xml; path = "enigmaMachineTests-Info.plist"; sourceTree = "<group>"; };
		A6E826C015A3B89400321804 /* en */ = {isa = PBXFileReference; lastKnownFileType = text.plist.strings; name = en; path = en.lproj/InfoPlist.strings; sourceTree = "<group>"; };
		A6E826C215A3B89400321804 /* enigmaMachineTests.h */ = {isa = PBXFileReference; lastKnownFileType = sourcecode.c.h; path = enigmaMachineTests.h; sourceTree = "<group>"; };
		A6E826C315A3B89400321804 /* enigmaMachineTests.m */ = {isa = PBXFileReference; lastKnownFileType = sourcecode.c.objc; path = enigmaMachineTests.m; sourceTree = "<group>"; };
		A6E826D115A3EEF600321804 /* enigma.png */ = {isa = PBXFileReference; lastKnownFileType = image.png; name = enigma.png; path = ../../enigma.png; sourceTree = "<group>"; };
		A6E826D715ACE37A00321804 /* EnigmaViewController.h */ = {isa = PBXFileReference; fileEncoding = 4; lastKnownFileType = sourcecode.c.h; path = EnigmaViewController.h; sourceTree = "<group>"; };
		A6E826D815ACE37A00321804 /* EnigmaViewController.m */ = {isa = PBXFileReference; fileEncoding = 4; lastKnownFileType = sourcecode.c.objc; path = EnigmaViewController.m; sourceTree = "<group>"; };
/* End PBXFileReference section */

/* Begin PBXFrameworksBuildPhase section */
		A6E8269115A3B89400321804 /* Frameworks */ = {
			isa = PBXFrameworksBuildPhase;
			buildActionMask = 2147483647;
			files = (
				A6E8269915A3B89400321804 /* UIKit.framework in Frameworks */,
				A6E8269B15A3B89400321804 /* Foundation.framework in Frameworks */,
				A6E8269D15A3B89400321804 /* CoreGraphics.framework in Frameworks */,
			);
			runOnlyForDeploymentPostprocessing = 0;
		};
		A6E826B115A3B89400321804 /* Frameworks */ = {
			isa = PBXFrameworksBuildPhase;
			buildActionMask = 2147483647;
			files = (
				A6E826B715A3B89400321804 /* SenTestingKit.framework in Frameworks */,
				A6E826B815A3B89400321804 /* UIKit.framework in Frameworks */,
				A6E826B915A3B89400321804 /* Foundation.framework in Frameworks */,
			);
			runOnlyForDeploymentPostprocessing = 0;
		};
/* End PBXFrameworksBuildPhase section */

/* Begin PBXGroup section */
		A6E8268915A3B89400321804 = {
			isa = PBXGroup;
			children = (
				A69DE2DC15AD3FB3004AA4DA /* Default.png */,
				A6E8269E15A3B89400321804 /* enigmaMachine */,
				A6E826BC15A3B89400321804 /* enigmaMachineTests */,
				A6E8269715A3B89400321804 /* Frameworks */,
				A6E8269515A3B89400321804 /* Products */,
			);
			sourceTree = "<group>";
		};
		A6E8269515A3B89400321804 /* Products */ = {
			isa = PBXGroup;
			children = (
				A6E8269415A3B89400321804 /* enigmaMachine.app */,
				A6E826B515A3B89400321804 /* enigmaMachineTests.octest */,
			);
			name = Products;
			sourceTree = "<group>";
		};
		A6E8269715A3B89400321804 /* Frameworks */ = {
			isa = PBXGroup;
			children = (
				A6E8269815A3B89400321804 /* UIKit.framework */,
				A6E8269A15A3B89400321804 /* Foundation.framework */,
				A6E8269C15A3B89400321804 /* CoreGraphics.framework */,
				A6E826B615A3B89400321804 /* SenTestingKit.framework */,
			);
			name = Frameworks;
			sourceTree = "<group>";
		};
		A6E8269E15A3B89400321804 /* enigmaMachine */ = {
			isa = PBXGroup;
			children = (
				A6E826A715A3B89400321804 /* AppDelegate.h */,
				A6E826A815A3B89400321804 /* AppDelegate.m */,
				A6E826AA15A3B89400321804 /* MainStoryboard.storyboard */,
				A6E826AD15A3B89400321804 /* ViewController.h */,
				A6E826AE15A3B89400321804 /* ViewController.m */,
				A6E826D715ACE37A00321804 /* EnigmaViewController.h */,
				A6E826D815ACE37A00321804 /* EnigmaViewController.m */,
				A69DE2DE15AE5441004AA4DA /* LogInViewController.h */,
				A69DE2DF15AE5441004AA4DA /* LogInViewController.m */,
				A685A09F15AF9ACB00276001 /* MessageViewController.h */,
				A685A0A015AF9ACB00276001 /* MessageViewController.m */,
				A6E8269F15A3B89400321804 /* Supporting Files */,
			);
			path = enigmaMachine;
			sourceTree = "<group>";
		};
		A6E8269F15A3B89400321804 /* Supporting Files */ = {
			isa = PBXGroup;
			children = (
				A69DE2DA15AD3AED004AA4DA /* enigma2.png */,
				A6E826D115A3EEF600321804 /* enigma.png */,
				A6E826A015A3B89400321804 /* enigmaMachine-Info.plist */,
				A6E826A115A3B89400321804 /* InfoPlist.strings */,
				A6E826A415A3B89400321804 /* main.m */,
				A6E826A615A3B89400321804 /* enigmaMachine-Prefix.pch */,
			);
			name = "Supporting Files";
			sourceTree = "<group>";
		};
		A6E826BC15A3B89400321804 /* enigmaMachineTests */ = {
			isa = PBXGroup;
			children = (
				A6E826C215A3B89400321804 /* enigmaMachineTests.h */,
				A6E826C315A3B89400321804 /* enigmaMachineTests.m */,
				A6E826BD15A3B89400321804 /* Supporting Files */,
			);
			path = enigmaMachineTests;
			sourceTree = "<group>";
		};
		A6E826BD15A3B89400321804 /* Supporting Files */ = {
			isa = PBXGroup;
			children = (
				A6E826BE15A3B89400321804 /* enigmaMachineTests-Info.plist */,
				A6E826BF15A3B89400321804 /* InfoPlist.strings */,
			);
			name = "Supporting Files";
			sourceTree = "<group>";
		};
/* End PBXGroup section */

/* Begin PBXNativeTarget section */
		A6E8269315A3B89400321804 /* enigmaMachine */ = {
			isa = PBXNativeTarget;
			buildConfigurationList = A6E826C715A3B89400321804 /* Build configuration list for PBXNativeTarget "enigmaMachine" */;
			buildPhases = (
				A6E8269015A3B89400321804 /* Sources */,
				A6E8269115A3B89400321804 /* Frameworks */,
				A6E8269215A3B89400321804 /* Resources */,
			);
			buildRules = (
			);
			dependencies = (
			);
			name = enigmaMachine;
			productName = enigmaMachine;
			productReference = A6E8269415A3B89400321804 /* enigmaMachine.app */;
			productType = "com.apple.product-type.application";
		};
		A6E826B415A3B89400321804 /* enigmaMachineTests */ = {
			isa = PBXNativeTarget;
			buildConfigurationList = A6E826CA15A3B89400321804 /* Build configuration list for PBXNativeTarget "enigmaMachineTests" */;
			buildPhases = (
				A6E826B015A3B89400321804 /* Sources */,
				A6E826B115A3B89400321804 /* Frameworks */,
				A6E826B215A3B89400321804 /* Resources */,
				A6E826B315A3B89400321804 /* ShellScript */,
			);
			buildRules = (
			);
			dependencies = (
				A6E826BB15A3B89400321804 /* PBXTargetDependency */,
			);
			name = enigmaMachineTests;
			productName = enigmaMachineTests;
			productReference = A6E826B515A3B89400321804 /* enigmaMachineTests.octest */;
			productType = "com.apple.product-type.bundle";
		};
/* End PBXNativeTarget section */

/* Begin PBXProject section */
		A6E8268B15A3B89400321804 /* Project object */ = {
			isa = PBXProject;
			attributes = {
				LastUpgradeCheck = 0430;
			};
			buildConfigurationList = A6E8268E15A3B89400321804 /* Build configuration list for PBXProject "enigmaMachine" */;
			compatibilityVersion = "Xcode 3.2";
			developmentRegion = English;
			hasScannedForEncodings = 0;
			knownRegions = (
				en,
			);
			mainGroup = A6E8268915A3B89400321804;
			productRefGroup = A6E8269515A3B89400321804 /* Products */;
			projectDirPath = "";
			projectRoot = "";
			targets = (
				A6E8269315A3B89400321804 /* enigmaMachine */,
				A6E826B415A3B89400321804 /* enigmaMachineTests */,
			);
		};
/* End PBXProject section */

/* Begin PBXResourcesBuildPhase section */
		A6E8269215A3B89400321804 /* Resources */ = {
			isa = PBXResourcesBuildPhase;
			buildActionMask = 2147483647;
			files = (
				A6E826A315A3B89400321804 /* InfoPlist.strings in Resources */,
				A6E826AC15A3B89400321804 /* MainStoryboard.storyboard in Resources */,
				A6E826D215A3EEF600321804 /* enigma.png in Resources */,
				A69DE2DB15AD3AED004AA4DA /* enigma2.png in Resources */,
				A69DE2DD15AD3FB3004AA4DA /* Default.png in Resources */,
			);
			runOnlyForDeploymentPostprocessing = 0;
		};
		A6E826B215A3B89400321804 /* Resources */ = {
			isa = PBXResourcesBuildPhase;
			buildActionMask = 2147483647;
			files = (
				A6E826C115A3B89400321804 /* InfoPlist.strings in Resources */,
			);
			runOnlyForDeploymentPostprocessing = 0;
		};
/* End PBXResourcesBuildPhase section */

/* Begin PBXShellScriptBuildPhase section */
		A6E826B315A3B89400321804 /* ShellScript */ = {
			isa = PBXShellScriptBuildPhase;
			buildActionMask = 2147483647;
			files = (
			);
			inputPaths = (
			);
			outputPaths = (
			);
			runOnlyForDeploymentPostprocessing = 0;
			shellPath = /bin/sh;
			shellScript = "# Run the unit tests in this test bundle.\n\"${SYSTEM_DEVELOPER_DIR}/Tools/RunUnitTests\"\n";
		};
/* End PBXShellScriptBuildPhase section */

/* Begin PBXSourcesBuildPhase section */
		A6E8269015A3B89400321804 /* Sources */ = {
			isa = PBXSourcesBuildPhase;
			buildActionMask = 2147483647;
			files = (
				A6E826A515A3B89400321804 /* main.m in Sources */,
				A6E826A915A3B89400321804 /* AppDelegate.m in Sources */,
				A6E826AF15A3B89400321804 /* ViewController.m in Sources */,
				A6E826D915ACE37B00321804 /* EnigmaViewController.m in Sources */,
				A69DE2E015AE5442004AA4DA /* LogInViewController.m in Sources */,
				A685A0A115AF9ACB00276001 /* MessageViewController.m in Sources */,
			);
			runOnlyForDeploymentPostprocessing = 0;
		};
		A6E826B015A3B89400321804 /* Sources */ = {
			isa = PBXSourcesBuildPhase;
			buildActionMask = 2147483647;
			files = (
				A6E826C415A3B89400321804 /* enigmaMachineTests.m in Sources */,
			);
			runOnlyForDeploymentPostprocessing = 0;
		};
/* End PBXSourcesBuildPhase section */

/* Begin PBXTargetDependency section */
		A6E826BB15A3B89400321804 /* PBXTargetDependency */ = {
			isa = PBXTargetDependency;
			target = A6E8269315A3B89400321804 /* enigmaMachine */;
			targetProxy = A6E826BA15A3B89400321804 /* PBXContainerItemProxy */;
		};
/* End PBXTargetDependency section */

/* Begin PBXVariantGroup section */
		A6E826A115A3B89400321804 /* InfoPlist.strings */ = {
			isa = PBXVariantGroup;
			children = (
				A6E826A215A3B89400321804 /* en */,
			);
			name = InfoPlist.strings;
			sourceTree = "<group>";
		};
		A6E826AA15A3B89400321804 /* MainStoryboard.storyboard */ = {
			isa = PBXVariantGroup;
			children = (
				A6E826AB15A3B89400321804 /* en */,
			);
			name = MainStoryboard.storyboard;
			sourceTree = "<group>";
		};
		A6E826BF15A3B89400321804 /* InfoPlist.strings */ = {
			isa = PBXVariantGroup;
			children = (
				A6E826C015A3B89400321804 /* en */,
			);
			name = InfoPlist.strings;
			sourceTree = "<group>";
		};
/* End PBXVariantGroup section */

/* Begin XCBuildConfiguration section */
		A6E826C515A3B89400321804 /* Debug */ = {
			isa = XCBuildConfiguration;
			buildSettings = {
				ALWAYS_SEARCH_USER_PATHS = NO;
				ARCHS = "$(ARCHS_STANDARD_32_BIT)";
				CLANG_ENABLE_OBJC_ARC = YES;
				"CODE_SIGN_IDENTITY[sdk=iphoneos*]" = "iPhone Developer";
				COPY_PHASE_STRIP = NO;
				GCC_C_LANGUAGE_STANDARD = gnu99;
				GCC_DYNAMIC_NO_PIC = NO;
				GCC_OPTIMIZATION_LEVEL = 0;
				GCC_PREPROCESSOR_DEFINITIONS = (
					"DEBUG=1",
					"$(inherited)",
				);
				GCC_SYMBOLS_PRIVATE_EXTERN = NO;
				GCC_VERSION = com.apple.compilers.llvm.clang.1_0;
				GCC_WARN_ABOUT_RETURN_TYPE = YES;
				GCC_WARN_UNINITIALIZED_AUTOS = YES;
				GCC_WARN_UNUSED_VARIABLE = YES;
				IPHONEOS_DEPLOYMENT_TARGET = 5.1;
				SDKROOT = iphoneos;
			};
			name = Debug;
		};
		A6E826C615A3B89400321804 /* Release */ = {
			isa = XCBuildConfiguration;
			buildSettings = {
				ALWAYS_SEARCH_USER_PATHS = NO;
				ARCHS = "$(ARCHS_STANDARD_32_BIT)";
				CLANG_ENABLE_OBJC_ARC = YES;
				"CODE_SIGN_IDENTITY[sdk=iphoneos*]" = "iPhone Developer";
				COPY_PHASE_STRIP = YES;
				GCC_C_LANGUAGE_STANDARD = gnu99;
				GCC_VERSION = com.apple.compilers.llvm.clang.1_0;
				GCC_WARN_ABOUT_RETURN_TYPE = YES;
				GCC_WARN_UNINITIALIZED_AUTOS = YES;
				GCC_WARN_UNUSED_VARIABLE = YES;
				IPHONEOS_DEPLOYMENT_TARGET = 5.1;
				OTHER_CFLAGS = "-DNS_BLOCK_ASSERTIONS=1";
				SDKROOT = iphoneos;
				VALIDATE_PRODUCT = YES;
			};
			name = Release;
		};
		A6E826C815A3B89400321804 /* Debug */ = {
			isa = XCBuildConfiguration;
			buildSettings = {
				GCC_PRECOMPILE_PREFIX_HEADER = YES;
				GCC_PREFIX_HEADER = "enigmaMachine/enigmaMachine-Prefix.pch";
				INFOPLIST_FILE = "enigmaMachine/enigmaMachine-Info.plist";
				PRODUCT_NAME = "$(TARGET_NAME)";
				WRAPPER_EXTENSION = app;
			};
			name = Debug;
		};
		A6E826C915A3B89400321804 /* Release */ = {
			isa = XCBuildConfiguration;
			buildSettings = {
				GCC_PRECOMPILE_PREFIX_HEADER = YES;
				GCC_PREFIX_HEADER = "enigmaMachine/enigmaMachine-Prefix.pch";
				INFOPLIST_FILE = "enigmaMachine/enigmaMachine-Info.plist";
				PRODUCT_NAME = "$(TARGET_NAME)";
				WRAPPER_EXTENSION = app;
			};
			name = Release;
		};
		A6E826CB15A3B89400321804 /* Debug */ = {
			isa = XCBuildConfiguration;
			buildSettings = {
				BUNDLE_LOADER = "$(BUILT_PRODUCTS_DIR)/enigmaMachine.app/enigmaMachine";
				FRAMEWORK_SEARCH_PATHS = (
					"$(SDKROOT)/Developer/Library/Frameworks",
					"$(DEVELOPER_LIBRARY_DIR)/Frameworks",
				);
				GCC_PRECOMPILE_PREFIX_HEADER = YES;
				GCC_PREFIX_HEADER = "enigmaMachine/enigmaMachine-Prefix.pch";
				INFOPLIST_FILE = "enigmaMachineTests/enigmaMachineTests-Info.plist";
				PRODUCT_NAME = "$(TARGET_NAME)";
				TEST_HOST = "$(BUNDLE_LOADER)";
				WRAPPER_EXTENSION = octest;
			};
			name = Debug;
		};
		A6E826CC15A3B89400321804 /* Release */ = {
			isa = XCBuildConfiguration;
			buildSettings = {
				BUNDLE_LOADER = "$(BUILT_PRODUCTS_DIR)/enigmaMachine.app/enigmaMachine";
				FRAMEWORK_SEARCH_PATHS = (
					"$(SDKROOT)/Developer/Library/Frameworks",
					"$(DEVELOPER_LIBRARY_DIR)/Frameworks",
				);
				GCC_PRECOMPILE_PREFIX_HEADER = YES;
				GCC_PREFIX_HEADER = "enigmaMachine/enigmaMachine-Prefix.pch";
				INFOPLIST_FILE = "enigmaMachineTests/enigmaMachineTests-Info.plist";
				PRODUCT_NAME = "$(TARGET_NAME)";
				TEST_HOST = "$(BUNDLE_LOADER)";
				WRAPPER_EXTENSION = octest;
			};
			name = Release;
		};
/* End XCBuildConfiguration section */

/* Begin XCConfigurationList section */
		A6E8268E15A3B89400321804 /* Build configuration list for PBXProject "enigmaMachine" */ = {
			isa = XCConfigurationList;
			buildConfigurations = (
				A6E826C515A3B89400321804 /* Debug */,
				A6E826C615A3B89400321804 /* Release */,
			);
			defaultConfigurationIsVisible = 0;
			defaultConfigurationName = Release;
		};
		A6E826C715A3B89400321804 /* Build configuration list for PBXNativeTarget "enigmaMachine" */ = {
			isa = XCConfigurationList;
			buildConfigurations = (
				A6E826C815A3B89400321804 /* Debug */,
				A6E826C915A3B89400321804 /* Release */,
			);
			defaultConfigurationIsVisible = 0;
			defaultConfigurationName = Release;
		};
		A6E826CA15A3B89400321804 /* Build configuration list for PBXNativeTarget "enigmaMachineTests" */ = {
			isa = XCConfigurationList;
			buildConfigurations = (
				A6E826CB15A3B89400321804 /* Debug */,
				A6E826CC15A3B89400321804 /* Release */,
			);
			defaultConfigurationIsVisible = 0;
			defaultConfigurationName = Release;
		};
/* End XCConfigurationList section */
	};
	rootObject = A6E8268B15A3B89400321804 /* Project object */;
}
